<?xml version="1.0" encoding="utf-8"?>
<Project ToolsVersion="4.0" xmlns="http://schemas.microsoft.com/developer/msbuild/2003">
  <ItemGroup>
    <Filter Include="App">
      <UniqueIdentifier>{045ff6fa-e974-4ea9-9f6f-4d260aca9270}</UniqueIdentifier>
    </Filter>
    <Filter Include="GameEngine">
      <UniqueIdentifier>{6510ec40-36de-4dc4-99d1-89976b9a43e9}</UniqueIdentifier>
    </Filter>
    <Filter Include="GameEngine\WindowingSystem">
      <UniqueIdentifier>{b41e904d-ea16-4540-a30e-e4d414829b49}</UniqueIdentifier>
    </Filter>
    <Filter Include="GameEngine\GraphicsEngine">
      <UniqueIdentifier>{ac3eea01-7aed-4a70-af38-a0db9f979155}</UniqueIdentifier>
    </Filter>
    <Filter Include="GameEngine\InputSystem">
      <UniqueIdentifier>{4853660a-27dc-4dc7-b97c-891074232826}</UniqueIdentifier>
    </Filter>
    <Filter Include="GameEngine\Utilities">
      <UniqueIdentifier>{f3a918c7-2a2f-41c3-b729-63ea05144989}</UniqueIdentifier>
    </Filter>
    <Filter Include="GameEngine\Utilities\Structs">
      <UniqueIdentifier>{a08c8cb8-278c-4d55-a577-1fd4340d2d34}</UniqueIdentifier>
    </Filter>
    <Filter Include="GameEngine\Utilities\Math">
      <UniqueIdentifier>{0bead97d-eeb1-4372-8d38-6b195fd236b2}</UniqueIdentifier>
    </Filter>
    <Filter Include="GameEngine\GraphicsEngine\RenderSystem">
      <UniqueIdentifier>{8caeea8e-fb73-4416-8cd0-2faf5c7bb8b3}</UniqueIdentifier>
    </Filter>
    <Filter Include="GameEngine\GraphicsEngine\RenderSystem\IndexBuffer">
      <UniqueIdentifier>{5a18d984-d86a-4ed2-b2f2-788deb6f01cf}</UniqueIdentifier>
    </Filter>
    <Filter Include="GameEngine\GraphicsEngine\RenderSystem\DeviceContext">
      <UniqueIdentifier>{c102026b-f9d6-4aed-b7cf-58aa0f2e168c}</UniqueIdentifier>
    </Filter>
    <Filter Include="GameEngine\GraphicsEngine\RenderSystem\ConstantBuffer">
      <UniqueIdentifier>{53243fd4-4348-4f55-b38e-79f959287cd7}</UniqueIdentifier>
    </Filter>
    <Filter Include="GameEngine\GraphicsEngine\RenderSystem\SwapChain">
      <UniqueIdentifier>{c549813d-a22a-4760-ada2-b78d63d303ba}</UniqueIdentifier>
    </Filter>
    <Filter Include="GameEngine\GraphicsEngine\RenderSystem\VertexBuffer">
      <UniqueIdentifier>{ac56cbbe-ede8-4558-86d0-7cc4f825c54b}</UniqueIdentifier>
    </Filter>
    <Filter Include="GameEngine\UISystem">
      <UniqueIdentifier>{700a861a-406c-4de3-9dd8-a51004bc8c62}</UniqueIdentifier>
    </Filter>
    <Filter Include="GameEngine\UISystem\Screens">
      <UniqueIdentifier>{0535983a-a4a5-43cc-8163-aca62400b2c7}</UniqueIdentifier>
    </Filter>
    <Filter Include="GameEngine\Utilities\Enums">
      <UniqueIdentifier>{44e8cb1a-a328-4050-b159-c8730b293ca5}</UniqueIdentifier>
    </Filter>
    <Filter Include="GameEngine\GraphicsEngine\RenderSystem\SamplerState">
      <UniqueIdentifier>{7eba562b-7402-4a68-ac3c-92ca0755eb23}</UniqueIdentifier>
    </Filter>
    <Filter Include="GameEngine\GraphicsEngine\Resources">
      <UniqueIdentifier>{d58d74f9-bdc1-462b-8428-a3dbbc6d1e24}</UniqueIdentifier>
    </Filter>
    <Filter Include="App\HLSL">
      <UniqueIdentifier>{401f121d-8b7c-4d7e-9171-461cf11156cf}</UniqueIdentifier>
    </Filter>
    <Filter Include="GameEngine\GraphicsEngine\Resources\Mesh">
      <UniqueIdentifier>{e41a45df-7b21-46ee-82df-a5dea58dd94b}</UniqueIdentifier>
    </Filter>
    <Filter Include="GameEngine\GraphicsEngine\Resources\Texture">
      <UniqueIdentifier>{3ad8833c-fbad-42a4-8024-369e3fe29455}</UniqueIdentifier>
    </Filter>
    <Filter Include="GameEngine\EntityComponentSystem">
      <UniqueIdentifier>{529fcaba-1cde-4caf-bf39-516ded8f82a0}</UniqueIdentifier>
    </Filter>
    <Filter Include="GameEngine\EntityComponentSystem\GameObjects">
      <UniqueIdentifier>{4a4cf811-cac6-4de5-9d5d-55e89a36f9be}</UniqueIdentifier>
    </Filter>
    <Filter Include="GameEngine\EntityComponentSystem\GameObjects\Camera">
      <UniqueIdentifier>{f3248771-6c25-4694-953a-f72af61275c9}</UniqueIdentifier>
    </Filter>
    <Filter Include="GameEngine\EntityComponentSystem\GameObjects\GameObjectBase">
      <UniqueIdentifier>{9670e58b-3fbc-46dd-9b65-3ba73942bf37}</UniqueIdentifier>
    </Filter>
    <Filter Include="GameEngine\EntityComponentSystem\GameObjects\GameObjectManager">
      <UniqueIdentifier>{4f56c64f-f93d-43df-aa88-a5a7b3a9aa75}</UniqueIdentifier>
    </Filter>
    <Filter Include="GameEngine\EntityComponentSystem\Components">
      <UniqueIdentifier>{22ee25ed-4a33-46a8-87ea-b2c42f6d8f71}</UniqueIdentifier>
    </Filter>
    <Filter Include="GameEngine\EntityComponentSystem\BaseComponentSystem">
      <UniqueIdentifier>{cb4e293d-ce70-4f37-bd12-f42638fc32e4}</UniqueIdentifier>
    </Filter>
    <Filter Include="GameEngine\EntityComponentSystem\BaseComponentSystem\PhysicsSystem">
      <UniqueIdentifier>{1bd48dd6-1f01-4e9b-8066-12b4d43a0ee7}</UniqueIdentifier>
    </Filter>
    <Filter Include="GameEngine\GraphicsEngine\ShaderLibrary">
      <UniqueIdentifier>{959dc32c-3e91-4a53-8b96-ed0740a72f79}</UniqueIdentifier>
    </Filter>
    <Filter Include="GameEngine\GraphicsEngine\ShaderLibrary\GeometryShader">
      <UniqueIdentifier>{0ea37a0e-e909-4a9b-bd9c-577a01d98c6c}</UniqueIdentifier>
    </Filter>
    <Filter Include="GameEngine\GraphicsEngine\ShaderLibrary\PixelShader">
      <UniqueIdentifier>{97d5be49-3854-4144-92bc-4fafbd428ef8}</UniqueIdentifier>
    </Filter>
    <Filter Include="GameEngine\GraphicsEngine\ShaderLibrary\VertexShader">
      <UniqueIdentifier>{253bcc9d-d63a-4aa6-a36b-68352ec7ebec}</UniqueIdentifier>
    </Filter>
    <Filter Include="Libraries">
      <UniqueIdentifier>{2d4465bd-c159-4cbf-bb8e-6b9d8f5965fd}</UniqueIdentifier>
    </Filter>
    <Filter Include="Libraries\imgui">
      <UniqueIdentifier>{b1dc107c-c88a-48da-868c-b60d888162e1}</UniqueIdentifier>
    </Filter>
    <Filter Include="GameEngine\Backend">
      <UniqueIdentifier>{25242698-90b0-4609-a52f-d5a1ec98ad01}</UniqueIdentifier>
    </Filter>
    <Filter Include="GameEngine\UISystem\Screens\Viewport">
      <UniqueIdentifier>{3fb8346e-fa1d-442b-96d1-79de474e2709}</UniqueIdentifier>
    </Filter>
    <Filter Include="GameEngine\GraphicsEngine\RenderSystem\RasterizerState">
      <UniqueIdentifier>{79cdb99c-ee19-418a-a5df-0b3a49854a10}</UniqueIdentifier>
    </Filter>
    <Filter Include="GameEngine\GraphicsEngine\Resources\Mesh\2D Geometry">
      <UniqueIdentifier>{e684f9af-b493-48c5-a879-093961d1fedb}</UniqueIdentifier>
    </Filter>
    <Filter Include="GameEngine\GraphicsEngine\Resources\Mesh\3D Geometry">
      <UniqueIdentifier>{f99d1caf-45d3-453a-8aa6-fbc9e837210a}</UniqueIdentifier>
    </Filter>
    <Filter Include="GameEngine\GraphicsEngine\Resources\Materials">
      <UniqueIdentifier>{e69319be-c5e4-4702-98fe-6f10f95a9179}</UniqueIdentifier>
    </Filter>
    <Filter Include="GameEngine\Scenes">
      <UniqueIdentifier>{afeddee8-fc28-444f-b5d6-dad7f1e1e009}</UniqueIdentifier>
    </Filter>
  </ItemGroup>
  <ItemGroup>
    <ClCompile Include="main.cpp">
      <Filter>App</Filter>
    </ClCompile>
    <ClCompile Include="AppWindow.cpp">
      <Filter>App</Filter>
    </ClCompile>
    <ClCompile Include="Window.cpp">
      <Filter>GameEngine\WindowingSystem</Filter>
    </ClCompile>
    <ClCompile Include="GraphicsEngine.cpp">
      <Filter>GameEngine\GraphicsEngine</Filter>
    </ClCompile>
    <ClCompile Include="SwapChain.cpp">
      <Filter>GameEngine\GraphicsEngine\RenderSystem\SwapChain</Filter>
    </ClCompile>
    <ClCompile Include="DeviceContext.cpp">
      <Filter>GameEngine\GraphicsEngine\RenderSystem\DeviceContext</Filter>
    </ClCompile>
    <ClCompile Include="VertexBuffer.cpp">
      <Filter>GameEngine\GraphicsEngine\RenderSystem\VertexBuffer</Filter>
    </ClCompile>
    <ClCompile Include="VertexShader.cpp">
      <Filter>GameEngine\GraphicsEngine\ShaderLibrary\VertexShader</Filter>
    </ClCompile>
    <ClCompile Include="PixelShader.cpp">
      <Filter>GameEngine\GraphicsEngine\ShaderLibrary\PixelShader</Filter>
    </ClCompile>
    <ClCompile Include="ConstantBuffer.cpp">
      <Filter>GameEngine\GraphicsEngine\RenderSystem\ConstantBuffer</Filter>
    </ClCompile>
    <ClCompile Include="GeometryShader.cpp">
      <Filter>GameEngine\GraphicsEngine\ShaderLibrary\GeometryShader</Filter>
    </ClCompile>
    <ClCompile Include="EngineTime.cpp">
      <Filter>GameEngine\GraphicsEngine</Filter>
    </ClCompile>
    <ClCompile Include="IndexBuffer.cpp">
      <Filter>GameEngine\GraphicsEngine\RenderSystem\IndexBuffer</Filter>
    </ClCompile>
    <ClCompile Include="InputSystem.cpp">
      <Filter>GameEngine\InputSystem</Filter>
    </ClCompile>
    <ClCompile Include="Circle.cpp">
      <Filter>GameEngine\GraphicsEngine\Resources\Mesh\2D Geometry</Filter>
    </ClCompile>
    <ClCompile Include="Quad.cpp">
      <Filter>GameEngine\GraphicsEngine\Resources\Mesh\2D Geometry</Filter>
    </ClCompile>
    <ClCompile Include="Cube.cpp">
      <Filter>GameEngine\GraphicsEngine\Resources\Mesh\3D Geometry</Filter>
    </ClCompile>
    <ClCompile Include="Plane.cpp">
      <Filter>GameEngine\GraphicsEngine\Resources\Mesh\3D Geometry</Filter>
    </ClCompile>
    <ClCompile Include="Camera.cpp">
      <Filter>GameEngine\EntityComponentSystem\GameObjects\Camera</Filter>
    </ClCompile>
    <ClCompile Include="CameraManager.cpp">
      <Filter>GameEngine\EntityComponentSystem\GameObjects\Camera</Filter>
    </ClCompile>
    <ClCompile Include="Vector3D.cpp">
      <Filter>GameEngine\Utilities\Math</Filter>
    </ClCompile>
    <ClCompile Include="SceneCamera.cpp">
      <Filter>GameEngine\EntityComponentSystem\GameObjects\Camera</Filter>
    </ClCompile>
    <ClCompile Include="RenderSystem.cpp">
      <Filter>GameEngine\GraphicsEngine\RenderSystem</Filter>
    </ClCompile>
    <ClCompile Include="UIManager.cpp">
      <Filter>GameEngine\UISystem</Filter>
    </ClCompile>
    <ClCompile Include="MenuScreen.cpp">
      <Filter>GameEngine\UISystem\Screens</Filter>
    </ClCompile>
    <ClCompile Include="GameObject.cpp">
      <Filter>GameEngine\EntityComponentSystem\GameObjects\GameObjectBase</Filter>
    </ClCompile>
    <ClCompile Include="GameObjectManager.cpp">
      <Filter>GameEngine\EntityComponentSystem\GameObjects\GameObjectManager</Filter>
    </ClCompile>
    <ClCompile Include="Material.cpp">
      <Filter>GameEngine\GraphicsEngine\Resources\Materials</Filter>
    </ClCompile>
    <ClCompile Include="MaterialEditor.cpp">
      <Filter>GameEngine\UISystem\Screens</Filter>
    </ClCompile>
    <ClCompile Include="Cylinder.cpp">
      <Filter>GameEngine\GraphicsEngine\Resources\Mesh\3D Geometry</Filter>
    </ClCompile>
    <ClCompile Include="SamplerState.cpp">
      <Filter>GameEngine\GraphicsEngine\RenderSystem\SamplerState</Filter>
    </ClCompile>
    <ClCompile Include="Component.cpp">
      <Filter>GameEngine\EntityComponentSystem\Components</Filter>
    </ClCompile>
    <ClCompile Include="Resource.cpp">
      <Filter>GameEngine\GraphicsEngine\Resources</Filter>
    </ClCompile>
    <ClCompile Include="ResourceManager.cpp">
      <Filter>GameEngine\GraphicsEngine\Resources</Filter>
    </ClCompile>
    <ClCompile Include="Mesh.cpp">
      <Filter>GameEngine\GraphicsEngine\Resources\Mesh</Filter>
    </ClCompile>
    <ClCompile Include="MeshManager.cpp">
      <Filter>GameEngine\GraphicsEngine\Resources\Mesh</Filter>
    </ClCompile>
    <ClCompile Include="Texture.cpp">
      <Filter>GameEngine\GraphicsEngine\Resources\Texture</Filter>
    </ClCompile>
    <ClCompile Include="TextureManager.cpp">
      <Filter>GameEngine\GraphicsEngine\Resources\Texture</Filter>
    </ClCompile>
    <ClCompile Include="BaseComponentSystem.cpp">
      <Filter>GameEngine\EntityComponentSystem\BaseComponentSystem</Filter>
    </ClCompile>
    <ClCompile Include="PhysicsSystem.cpp">
      <Filter>GameEngine\EntityComponentSystem\BaseComponentSystem\PhysicsSystem</Filter>
    </ClCompile>
    <ClCompile Include="PhysicsComponent.cpp">
      <Filter>GameEngine\EntityComponentSystem\Components</Filter>
    </ClCompile>
    <ClCompile Include="ShaderLibrary.cpp">
      <Filter>GameEngine\GraphicsEngine\ShaderLibrary</Filter>
    </ClCompile>
    <ClCompile Include="Renderer3D.cpp">
      <Filter>GameEngine\EntityComponentSystem\Components</Filter>
    </ClCompile>
    <ClCompile Include="libraries\imgui\imgui.cpp">
      <Filter>Libraries\imgui</Filter>
    </ClCompile>
    <ClCompile Include="libraries\imgui\imgui_demo.cpp">
      <Filter>Libraries\imgui</Filter>
    </ClCompile>
    <ClCompile Include="libraries\imgui\imgui_draw.cpp">
      <Filter>Libraries\imgui</Filter>
    </ClCompile>
    <ClCompile Include="libraries\imgui\imgui_tables.cpp">
      <Filter>Libraries\imgui</Filter>
    </ClCompile>
    <ClCompile Include="libraries\imgui\imgui_widgets.cpp">
      <Filter>Libraries\imgui</Filter>
    </ClCompile>
    <ClCompile Include="libraries\imgui\backends\imgui_impl_dx11.cpp">
      <Filter>Libraries\imgui</Filter>
    </ClCompile>
    <ClCompile Include="libraries\imgui\backends\imgui_impl_win32.cpp">
      <Filter>Libraries\imgui</Filter>
    </ClCompile>
    <ClCompile Include="HierarchyScreen.cpp">
      <Filter>GameEngine\UISystem\Screens</Filter>
    </ClCompile>
    <ClCompile Include="InspectorScreen.cpp">
      <Filter>GameEngine\UISystem\Screens</Filter>
    </ClCompile>
    <ClCompile Include="EditorAction.cpp">
      <Filter>GameEngine\Backend</Filter>
    </ClCompile>
    <ClCompile Include="EngineBackend.cpp">
      <Filter>GameEngine\Backend</Filter>
    </ClCompile>
    <ClCompile Include="ActionHistory.cpp">
      <Filter>GameEngine\Backend</Filter>
    </ClCompile>
    <ClCompile Include="Viewport.cpp">
      <Filter>GameEngine\UISystem\Screens\Viewport</Filter>
    </ClCompile>
    <ClCompile Include="ViewportManager.cpp">
      <Filter>GameEngine\UISystem\Screens\Viewport</Filter>
    </ClCompile>
    <ClCompile Include="ViewportScreen.cpp">
      <Filter>GameEngine\UISystem\Screens\Viewport</Filter>
    </ClCompile>
    <ClCompile Include="RenderTexture.cpp">
      <Filter>GameEngine\GraphicsEngine\Resources\Texture</Filter>
    </ClCompile>
    <ClCompile Include="RasterizerState.cpp">
      <Filter>GameEngine\GraphicsEngine\RenderSystem\RasterizerState</Filter>
    </ClCompile>
    <ClCompile Include="PlaybackScreen.cpp">
      <Filter>GameEngine\UISystem\Screens</Filter>
    </ClCompile>
    <ClCompile Include="ProfilerScreen.cpp">
      <Filter>GameEngine\UISystem\Screens</Filter>
    </ClCompile>
    <ClCompile Include="ToolsScreen.cpp">
      <Filter>GameEngine\UISystem\Screens</Filter>
    </ClCompile>
    <ClCompile Include="libraries\imgui\misc\cpp\imgui_stdlib.cpp">
      <Filter>Libraries\imgui</Filter>
    </ClCompile>
    <ClCompile Include="LogUtils.cpp">
      <Filter>GameEngine\Utilities</Filter>
    </ClCompile>
    <ClCompile Include="DebugScreen.cpp">
      <Filter>GameEngine\UISystem\Screens</Filter>
    </ClCompile>
    <ClCompile Include="SceneManager.cpp">
      <Filter>GameEngine\Scenes</Filter>
    </ClCompile>
    <ClCompile Include="StringUtils.cpp">
      <Filter>GameEngine\Utilities</Filter>
    </ClCompile>
  </ItemGroup>
  <ItemGroup>
    <ClInclude Include="AppWindow.h">
      <Filter>App</Filter>
    </ClInclude>
    <ClInclude Include="Window.h">
      <Filter>GameEngine\WindowingSystem</Filter>
    </ClInclude>
    <ClInclude Include="GraphicsEngine.h">
      <Filter>GameEngine\GraphicsEngine</Filter>
    </ClInclude>
    <ClInclude Include="SwapChain.h">
      <Filter>GameEngine\GraphicsEngine\RenderSystem\SwapChain</Filter>
    </ClInclude>
    <ClInclude Include="DeviceContext.h">
      <Filter>GameEngine\GraphicsEngine\RenderSystem\DeviceContext</Filter>
    </ClInclude>
    <ClInclude Include="VertexBuffer.h">
      <Filter>GameEngine\GraphicsEngine\RenderSystem\VertexBuffer</Filter>
    </ClInclude>
    <ClInclude Include="VertexShader.h">
      <Filter>GameEngine\GraphicsEngine\ShaderLibrary\VertexShader</Filter>
    </ClInclude>
    <ClInclude Include="PixelShader.h">
      <Filter>GameEngine\GraphicsEngine\ShaderLibrary\PixelShader</Filter>
    </ClInclude>
    <ClInclude Include="Vectors.h">
      <Filter>GameEngine\Utilities\Structs</Filter>
    </ClInclude>
    <ClInclude Include="ConstantBuffer.h">
      <Filter>GameEngine\GraphicsEngine\RenderSystem\ConstantBuffer</Filter>
    </ClInclude>
    <ClInclude Include="Vertex.h">
      <Filter>GameEngine\Utilities\Structs</Filter>
    </ClInclude>
    <ClInclude Include="Constant.h">
      <Filter>GameEngine\Utilities\Structs</Filter>
    </ClInclude>
    <ClInclude Include="GeometryShader.h">
      <Filter>GameEngine\GraphicsEngine\ShaderLibrary\GeometryShader</Filter>
    </ClInclude>
    <ClInclude Include="Vector3D.h">
      <Filter>GameEngine\Utilities\Math</Filter>
    </ClInclude>
    <ClInclude Include="Matrix4x4.h">
      <Filter>GameEngine\Utilities\Math</Filter>
    </ClInclude>
    <ClInclude Include="EngineTime.h">
      <Filter>GameEngine\GraphicsEngine</Filter>
    </ClInclude>
    <ClInclude Include="IndexBuffer.h">
      <Filter>GameEngine\GraphicsEngine\RenderSystem\IndexBuffer</Filter>
    </ClInclude>
    <ClInclude Include="InputListener.h">
      <Filter>GameEngine\InputSystem</Filter>
    </ClInclude>
    <ClInclude Include="InputSystem.h">
      <Filter>GameEngine\InputSystem</Filter>
    </ClInclude>
    <ClInclude Include="MathUtil.h">
      <Filter>GameEngine\Utilities\Math</Filter>
    </ClInclude>
    <ClInclude Include="Circle.h">
      <Filter>GameEngine\GraphicsEngine\Resources\Mesh\2D Geometry</Filter>
    </ClInclude>
    <ClInclude Include="Quad.h">
      <Filter>GameEngine\GraphicsEngine\Resources\Mesh\2D Geometry</Filter>
    </ClInclude>
    <ClInclude Include="Cube.h">
      <Filter>GameEngine\GraphicsEngine\Resources\Mesh\3D Geometry</Filter>
    </ClInclude>
    <ClInclude Include="LogUtils.h">
      <Filter>GameEngine\Utilities</Filter>
    </ClInclude>
    <ClInclude Include="Plane.h">
      <Filter>GameEngine\GraphicsEngine\Resources\Mesh\3D Geometry</Filter>
    </ClInclude>
    <ClInclude Include="Vector2D.h">
      <Filter>GameEngine\Utilities\Math</Filter>
    </ClInclude>
    <ClInclude Include="Camera.h">
      <Filter>GameEngine\EntityComponentSystem\GameObjects\Camera</Filter>
    </ClInclude>
    <ClInclude Include="Vector4D.h">
      <Filter>GameEngine\Utilities\Math</Filter>
    </ClInclude>
    <ClInclude Include="CameraManager.h">
      <Filter>GameEngine\EntityComponentSystem\GameObjects\Camera</Filter>
    </ClInclude>
    <ClInclude Include="SceneCamera.h">
      <Filter>GameEngine\EntityComponentSystem\GameObjects\Camera</Filter>
    </ClInclude>
    <ClInclude Include="RenderSystem.h">
      <Filter>GameEngine\GraphicsEngine\RenderSystem</Filter>
    </ClInclude>
    <ClInclude Include="Prerequisites.h">
      <Filter>GameEngine\GraphicsEngine</Filter>
    </ClInclude>
    <ClInclude Include="GraphicsResource.h">
      <Filter>GameEngine\GraphicsEngine\RenderSystem</Filter>
    </ClInclude>
    <ClInclude Include="UIManager.h">
      <Filter>GameEngine\UISystem</Filter>
    </ClInclude>
    <ClInclude Include="Singleton.h">
      <Filter>GameEngine\Utilities</Filter>
    </ClInclude>
    <ClInclude Include="UIScreen.h">
      <Filter>GameEngine\UISystem</Filter>
    </ClInclude>
    <ClInclude Include="PrimitiveType.h">
      <Filter>GameEngine\Utilities\Enums</Filter>
    </ClInclude>
    <ClInclude Include="MenuScreen.h">
      <Filter>GameEngine\UISystem\Screens</Filter>
    </ClInclude>
    <ClInclude Include="GameObject.h">
      <Filter>GameEngine\EntityComponentSystem\GameObjects\GameObjectBase</Filter>
    </ClInclude>
    <ClInclude Include="GameObjectManager.h">
      <Filter>GameEngine\EntityComponentSystem\GameObjects\GameObjectManager</Filter>
    </ClInclude>
    <ClInclude Include="Material.h">
      <Filter>GameEngine\GraphicsEngine\Resources\Materials</Filter>
    </ClInclude>
    <ClInclude Include="MaterialEditor.h">
      <Filter>GameEngine\UISystem\Screens</Filter>
    </ClInclude>
    <ClInclude Include="Cylinder.h">
      <Filter>GameEngine\GraphicsEngine\Resources\Mesh\3D Geometry</Filter>
    </ClInclude>
    <ClInclude Include="SamplerState.h">
      <Filter>GameEngine\GraphicsEngine\RenderSystem\SamplerState</Filter>
    </ClInclude>
    <ClInclude Include="Component.h">
      <Filter>GameEngine\EntityComponentSystem\Components</Filter>
    </ClInclude>
    <ClInclude Include="Resource.h">
      <Filter>GameEngine\GraphicsEngine\Resources</Filter>
    </ClInclude>
    <ClInclude Include="ResourceManager.h">
      <Filter>GameEngine\GraphicsEngine\Resources</Filter>
    </ClInclude>
    <ClInclude Include="VertexMesh.h">
      <Filter>GameEngine\Utilities\Math</Filter>
    </ClInclude>
    <ClInclude Include="Mesh.h">
      <Filter>GameEngine\GraphicsEngine\Resources\Mesh</Filter>
    </ClInclude>
    <ClInclude Include="MeshManager.h">
      <Filter>GameEngine\GraphicsEngine\Resources\Mesh</Filter>
    </ClInclude>
    <ClInclude Include="Texture.h">
      <Filter>GameEngine\GraphicsEngine\Resources\Texture</Filter>
    </ClInclude>
    <ClInclude Include="TextureManager.h">
      <Filter>GameEngine\GraphicsEngine\Resources\Texture</Filter>
    </ClInclude>
    <ClInclude Include="ComponentType.h">
      <Filter>GameEngine\Utilities\Enums</Filter>
    </ClInclude>
    <ClInclude Include="BaseComponentSystem.h">
      <Filter>GameEngine\EntityComponentSystem\BaseComponentSystem</Filter>
    </ClInclude>
    <ClInclude Include="PhysicsSystem.h">
      <Filter>GameEngine\EntityComponentSystem\BaseComponentSystem\PhysicsSystem</Filter>
    </ClInclude>
    <ClInclude Include="PhysicsComponent.h">
      <Filter>GameEngine\EntityComponentSystem\Components</Filter>
    </ClInclude>
    <ClInclude Include="ShaderLibrary.h">
      <Filter>GameEngine\GraphicsEngine\ShaderLibrary</Filter>
    </ClInclude>
    <ClInclude Include="ShaderType.h">
      <Filter>GameEngine\Utilities\Enums</Filter>
    </ClInclude>
    <ClInclude Include="ShaderToCompile.h">
      <Filter>GameEngine\Utilities\Structs</Filter>
    </ClInclude>
    <ClInclude Include="Renderer3D.h">
      <Filter>GameEngine\EntityComponentSystem\Components</Filter>
    </ClInclude>
    <ClInclude Include="tinyobjloader\tiny_obj_loader.h">
      <Filter>Libraries</Filter>
    </ClInclude>
    <ClInclude Include="libraries\imgui\imconfig.h">
      <Filter>Libraries\imgui</Filter>
    </ClInclude>
    <ClInclude Include="libraries\imgui\imgui.h">
      <Filter>Libraries\imgui</Filter>
    </ClInclude>
    <ClInclude Include="libraries\imgui\imgui_internal.h">
      <Filter>Libraries\imgui</Filter>
    </ClInclude>
    <ClInclude Include="libraries\imgui\imstb_rectpack.h">
      <Filter>Libraries\imgui</Filter>
    </ClInclude>
    <ClInclude Include="libraries\imgui\imstb_textedit.h">
      <Filter>Libraries\imgui</Filter>
    </ClInclude>
    <ClInclude Include="libraries\imgui\imstb_truetype.h">
      <Filter>Libraries\imgui</Filter>
    </ClInclude>
    <ClInclude Include="libraries\imgui\backends\imgui_impl_dx11.h">
      <Filter>Libraries\imgui</Filter>
    </ClInclude>
    <ClInclude Include="libraries\imgui\backends\imgui_impl_win32.h">
      <Filter>Libraries\imgui</Filter>
    </ClInclude>
    <ClInclude Include="HierarchyScreen.h">
      <Filter>GameEngine\UISystem\Screens</Filter>
    </ClInclude>
    <ClInclude Include="InspectorScreen.h">
      <Filter>GameEngine\UISystem\Screens</Filter>
    </ClInclude>
    <ClInclude Include="EngineBackend.h">
      <Filter>GameEngine\Backend</Filter>
    </ClInclude>
    <ClInclude Include="EditorAction.h">
      <Filter>GameEngine\Backend</Filter>
    </ClInclude>
    <ClInclude Include="ActionHistory.h">
      <Filter>GameEngine\Backend</Filter>
    </ClInclude>
    <ClInclude Include="Viewport.h">
      <Filter>GameEngine\UISystem\Screens\Viewport</Filter>
    </ClInclude>
    <ClInclude Include="ViewportManager.h">
      <Filter>GameEngine\UISystem\Screens\Viewport</Filter>
    </ClInclude>
    <ClInclude Include="ViewportScreen.h">
      <Filter>GameEngine\UISystem\Screens\Viewport</Filter>
    </ClInclude>
    <ClInclude Include="RenderTexture.h">
      <Filter>GameEngine\GraphicsEngine\Resources\Texture</Filter>
    </ClInclude>
    <ClInclude Include="RasterizerState.h">
      <Filter>GameEngine\GraphicsEngine\RenderSystem\RasterizerState</Filter>
    </ClInclude>
    <ClInclude Include="ToolsScreen.h">
      <Filter>GameEngine\UISystem\Screens</Filter>
    </ClInclude>
    <ClInclude Include="PlaybackScreen.h">
      <Filter>GameEngine\UISystem\Screens</Filter>
    </ClInclude>
    <ClInclude Include="ProfilerScreen.h">
      <Filter>GameEngine\UISystem\Screens</Filter>
    </ClInclude>
    <ClInclude Include="libraries\imgui\misc\cpp\imgui_stdlib.h">
      <Filter>Libraries\imgui</Filter>
    </ClInclude>
    <ClInclude Include="DebugScreen.h">
      <Filter>GameEngine\UISystem\Screens</Filter>
    </ClInclude>
    <ClInclude Include="SceneManager.h">
      <Filter>GameEngine\Scenes</Filter>
    </ClInclude>
    <ClInclude Include="StringUtils.h">
      <Filter>GameEngine\Utilities</Filter>
    </ClInclude>
  </ItemGroup>
  <ItemGroup>
    <None Include="..\README.md" />
    <None Include="..\todo.md" />
    <None Include="packages.config" />
  </ItemGroup>
  <ItemGroup>
    <FxCompile Include="GeometryShader.hlsl">
      <Filter>App\HLSL</Filter>
    </FxCompile>
    <FxCompile Include="PixelShader.hlsl">
      <Filter>App\HLSL</Filter>
    </FxCompile>
    <FxCompile Include="VertexShader.hlsl">
      <Filter>App\HLSL</Filter>
    </FxCompile>
    <FxCompile Include="VertexMeshLayoutShader.hlsl">
      <Filter>App\HLSL</Filter>
    </FxCompile>
    <FxCompile Include="DebugRendererVertexShader.hlsl">
      <Filter>App\HLSL</Filter>
    </FxCompile>
    <FxCompile Include="DebugRendererPixelShader.hlsl">
      <Filter>App\HLSL</Filter>
    </FxCompile>
  </ItemGroup>
  <ItemGroup>
    <Library Include="libraries\reactphysics3d\lib\reactphysics3d.lib">
      <Filter>Libraries</Filter>
    </Library>
  </ItemGroup>
</Project>